// !$*UTF8*$!
{
	archiveVersion = 1;
	classes = {
	};
	objectVersion = 50;
	objects = {

/* Begin PBXBuildFile section */
		CB66FE6E5E04C71BFF84FB1C /* Pods_Will.framework in Frameworks */ = {isa = PBXBuildFile; fileRef = BF75742186E8092BEE15B70A /* Pods_Will.framework */; };
		E04427A9232909C700C44173 /* MoyaProvider+Rx.swift in Sources */ = {isa = PBXBuildFile; fileRef = E04427A8232909C700C44173 /* MoyaProvider+Rx.swift */; };
		E04427AB23290A1400C44173 /* Observable+Response.swift in Sources */ = {isa = PBXBuildFile; fileRef = E04427AA23290A1400C44173 /* Observable+Response.swift */; };
		E04427AD23290A8300C44173 /* Single+Response.swift in Sources */ = {isa = PBXBuildFile; fileRef = E04427AC23290A8300C44173 /* Single+Response.swift */; };
		E04AA04E231CD0EB00A03997 /* MovieNetwork.swift in Sources */ = {isa = PBXBuildFile; fileRef = E04AA04D231CD0EB00A03997 /* MovieNetwork.swift */; };
		E04AA052231CD19B00A03997 /* Movie.swift in Sources */ = {isa = PBXBuildFile; fileRef = E04AA051231CD19B00A03997 /* Movie.swift */; };
		E04AA054231CD20B00A03997 /* TVShow.swift in Sources */ = {isa = PBXBuildFile; fileRef = E04AA053231CD20B00A03997 /* TVShow.swift */; };
		E04AA056231CD22200A03997 /* MovieDetail.swift in Sources */ = {isa = PBXBuildFile; fileRef = E04AA055231CD22200A03997 /* MovieDetail.swift */; };
		E04AA058231CD2AC00A03997 /* Credit.swift in Sources */ = {isa = PBXBuildFile; fileRef = E04AA057231CD2AC00A03997 /* Credit.swift */; };
		E04AA05A231CD2C600A03997 /* TVShowDetail.swift in Sources */ = {isa = PBXBuildFile; fileRef = E04AA059231CD2C600A03997 /* TVShowDetail.swift */; };
		E04AA05C231CD2DC00A03997 /* Video.swift in Sources */ = {isa = PBXBuildFile; fileRef = E04AA05B231CD2DC00A03997 /* Video.swift */; };
		E0507FE6231A77890056421B /* ActivityIndicator.swift in Sources */ = {isa = PBXBuildFile; fileRef = E0507FE5231A77890056421B /* ActivityIndicator.swift */; };
		E0507FE8231A77AC0056421B /* ErrorTracker.swift in Sources */ = {isa = PBXBuildFile; fileRef = E0507FE7231A77AC0056421B /* ErrorTracker.swift */; };
		E0507FEA231A77C50056421B /* Observable+Ext.swift in Sources */ = {isa = PBXBuildFile; fileRef = E0507FE9231A77C50056421B /* Observable+Ext.swift */; };
		E0507FEE231A7A270056421B /* WillAPI.swift in Sources */ = {isa = PBXBuildFile; fileRef = E0507FED231A7A270056421B /* WillAPI.swift */; };
		E0B29E49231A677100189F06 /* AppDelegate.swift in Sources */ = {isa = PBXBuildFile; fileRef = E0B29E48231A677100189F06 /* AppDelegate.swift */; };
		E0B29E4B231A677100189F06 /* ViewController.swift in Sources */ = {isa = PBXBuildFile; fileRef = E0B29E4A231A677100189F06 /* ViewController.swift */; };
		E0B29E4E231A677100189F06 /* Main.storyboard in Resources */ = {isa = PBXBuildFile; fileRef = E0B29E4C231A677100189F06 /* Main.storyboard */; };
		E0B29E50231A677200189F06 /* Assets.xcassets in Resources */ = {isa = PBXBuildFile; fileRef = E0B29E4F231A677200189F06 /* Assets.xcassets */; };
		E0B29E53231A677200189F06 /* LaunchScreen.storyboard in Resources */ = {isa = PBXBuildFile; fileRef = E0B29E51231A677200189F06 /* LaunchScreen.storyboard */; };
		E0B29E5C231A67F000189F06 /* Application.swift in Sources */ = {isa = PBXBuildFile; fileRef = E0B29E5B231A67F000189F06 /* Application.swift */; };
		E0B29E61231A68A300189F06 /* ViewModelType.swift in Sources */ = {isa = PBXBuildFile; fileRef = E0B29E60231A68A300189F06 /* ViewModelType.swift */; };
		E0B29E64231A693D00189F06 /* Reusable.swift in Sources */ = {isa = PBXBuildFile; fileRef = E0B29E63231A693D00189F06 /* Reusable.swift */; };
/* End PBXBuildFile section */

/* Begin PBXFileReference section */
		180EC23B3D5B33BF56E52389 /* Pods-Will.debug.xcconfig */ = {isa = PBXFileReference; includeInIndex = 1; lastKnownFileType = text.xcconfig; name = "Pods-Will.debug.xcconfig"; path = "Target Support Files/Pods-Will/Pods-Will.debug.xcconfig"; sourceTree = "<group>"; };
		2710C7F48863DF4721711524 /* Pods-Will.release.xcconfig */ = {isa = PBXFileReference; includeInIndex = 1; lastKnownFileType = text.xcconfig; name = "Pods-Will.release.xcconfig"; path = "Target Support Files/Pods-Will/Pods-Will.release.xcconfig"; sourceTree = "<group>"; };
		BF75742186E8092BEE15B70A /* Pods_Will.framework */ = {isa = PBXFileReference; explicitFileType = wrapper.framework; includeInIndex = 0; path = Pods_Will.framework; sourceTree = BUILT_PRODUCTS_DIR; };
		E04427A8232909C700C44173 /* MoyaProvider+Rx.swift */ = {isa = PBXFileReference; lastKnownFileType = sourcecode.swift; path = "MoyaProvider+Rx.swift"; sourceTree = "<group>"; };
		E04427AA23290A1400C44173 /* Observable+Response.swift */ = {isa = PBXFileReference; lastKnownFileType = sourcecode.swift; path = "Observable+Response.swift"; sourceTree = "<group>"; };
		E04427AC23290A8300C44173 /* Single+Response.swift */ = {isa = PBXFileReference; lastKnownFileType = sourcecode.swift; path = "Single+Response.swift"; sourceTree = "<group>"; };
		E04AA04D231CD0EB00A03997 /* MovieNetwork.swift */ = {isa = PBXFileReference; lastKnownFileType = sourcecode.swift; path = MovieNetwork.swift; sourceTree = "<group>"; };
		E04AA051231CD19B00A03997 /* Movie.swift */ = {isa = PBXFileReference; lastKnownFileType = sourcecode.swift; path = Movie.swift; sourceTree = "<group>"; };
		E04AA053231CD20B00A03997 /* TVShow.swift */ = {isa = PBXFileReference; lastKnownFileType = sourcecode.swift; path = TVShow.swift; sourceTree = "<group>"; };
		E04AA055231CD22200A03997 /* MovieDetail.swift */ = {isa = PBXFileReference; lastKnownFileType = sourcecode.swift; path = MovieDetail.swift; sourceTree = "<group>"; };
		E04AA057231CD2AC00A03997 /* Credit.swift */ = {isa = PBXFileReference; lastKnownFileType = sourcecode.swift; path = Credit.swift; sourceTree = "<group>"; };
		E04AA059231CD2C600A03997 /* TVShowDetail.swift */ = {isa = PBXFileReference; lastKnownFileType = sourcecode.swift; path = TVShowDetail.swift; sourceTree = "<group>"; };
		E04AA05B231CD2DC00A03997 /* Video.swift */ = {isa = PBXFileReference; lastKnownFileType = sourcecode.swift; path = Video.swift; sourceTree = "<group>"; };
		E0507FE5231A77890056421B /* ActivityIndicator.swift */ = {isa = PBXFileReference; lastKnownFileType = sourcecode.swift; path = ActivityIndicator.swift; sourceTree = "<group>"; };
		E0507FE7231A77AC0056421B /* ErrorTracker.swift */ = {isa = PBXFileReference; lastKnownFileType = sourcecode.swift; path = ErrorTracker.swift; sourceTree = "<group>"; };
		E0507FE9231A77C50056421B /* Observable+Ext.swift */ = {isa = PBXFileReference; lastKnownFileType = sourcecode.swift; path = "Observable+Ext.swift"; sourceTree = "<group>"; };
		E0507FED231A7A270056421B /* WillAPI.swift */ = {isa = PBXFileReference; lastKnownFileType = sourcecode.swift; path = WillAPI.swift; sourceTree = "<group>"; };
		E0B29E45231A677100189F06 /* Will.app */ = {isa = PBXFileReference; explicitFileType = wrapper.application; includeInIndex = 0; path = Will.app; sourceTree = BUILT_PRODUCTS_DIR; };
		E0B29E48231A677100189F06 /* AppDelegate.swift */ = {isa = PBXFileReference; lastKnownFileType = sourcecode.swift; path = AppDelegate.swift; sourceTree = "<group>"; };
		E0B29E4A231A677100189F06 /* ViewController.swift */ = {isa = PBXFileReference; lastKnownFileType = sourcecode.swift; path = ViewController.swift; sourceTree = "<group>"; };
		E0B29E4D231A677100189F06 /* Base */ = {isa = PBXFileReference; lastKnownFileType = file.storyboard; name = Base; path = Base.lproj/Main.storyboard; sourceTree = "<group>"; };
		E0B29E4F231A677200189F06 /* Assets.xcassets */ = {isa = PBXFileReference; lastKnownFileType = folder.assetcatalog; path = Assets.xcassets; sourceTree = "<group>"; };
		E0B29E52231A677200189F06 /* Base */ = {isa = PBXFileReference; lastKnownFileType = file.storyboard; name = Base; path = Base.lproj/LaunchScreen.storyboard; sourceTree = "<group>"; };
		E0B29E54231A677200189F06 /* Info.plist */ = {isa = PBXFileReference; lastKnownFileType = text.plist.xml; path = Info.plist; sourceTree = "<group>"; };
		E0B29E5B231A67F000189F06 /* Application.swift */ = {isa = PBXFileReference; lastKnownFileType = sourcecode.swift; path = Application.swift; sourceTree = "<group>"; };
		E0B29E60231A68A300189F06 /* ViewModelType.swift */ = {isa = PBXFileReference; lastKnownFileType = sourcecode.swift; path = ViewModelType.swift; sourceTree = "<group>"; };
		E0B29E63231A693D00189F06 /* Reusable.swift */ = {isa = PBXFileReference; lastKnownFileType = sourcecode.swift; path = Reusable.swift; sourceTree = "<group>"; };
/* End PBXFileReference section */

/* Begin PBXFrameworksBuildPhase section */
		E0B29E42231A677100189F06 /* Frameworks */ = {
			isa = PBXFrameworksBuildPhase;
			buildActionMask = 2147483647;
			files = (
				CB66FE6E5E04C71BFF84FB1C /* Pods_Will.framework in Frameworks */,
			);
			runOnlyForDeploymentPostprocessing = 0;
		};
/* End PBXFrameworksBuildPhase section */

/* Begin PBXGroup section */
		4672EA3E61B80A7F182AACD5 /* Pods */ = {
			isa = PBXGroup;
			children = (
				180EC23B3D5B33BF56E52389 /* Pods-Will.debug.xcconfig */,
				2710C7F48863DF4721711524 /* Pods-Will.release.xcconfig */,
			);
			path = Pods;
			sourceTree = "<group>";
		};
		55E99F8A2E5AD524209C7921 /* Frameworks */ = {
			isa = PBXGroup;
			children = (
				BF75742186E8092BEE15B70A /* Pods_Will.framework */,
			);
			name = Frameworks;
			sourceTree = "<group>";
		};
		E04AA04C231CD0B000A03997 /* Network */ = {
			isa = PBXGroup;
			children = (
				E04AA04D231CD0EB00A03997 /* MovieNetwork.swift */,
			);
			path = Network;
			sourceTree = "<group>";
		};
		E04AA04F231CD16A00A03997 /* Domain */ = {
			isa = PBXGroup;
			children = (
				E04AA05D231CD30900A03997 /* UseCase */,
				E04AA050231CD17D00A03997 /* Entries */,
			);
			path = Domain;
			sourceTree = "<group>";
		};
		E04AA050231CD17D00A03997 /* Entries */ = {
			isa = PBXGroup;
			children = (
				E04AA051231CD19B00A03997 /* Movie.swift */,
				E04AA053231CD20B00A03997 /* TVShow.swift */,
				E04AA055231CD22200A03997 /* MovieDetail.swift */,
				E04AA057231CD2AC00A03997 /* Credit.swift */,
				E04AA059231CD2C600A03997 /* TVShowDetail.swift */,
				E04AA05B231CD2DC00A03997 /* Video.swift */,
			);
			path = Entries;
			sourceTree = "<group>";
		};
		E04AA05D231CD30900A03997 /* UseCase */ = {
			isa = PBXGroup;
			children = (
			);
			path = UseCase;
			sourceTree = "<group>";
		};
		E0507FEB231A79F00056421B /* NetworkPlatform */ = {
			isa = PBXGroup;
			children = (
				E04AA04C231CD0B000A03997 /* Network */,
				E0507FEC231A7A070056421B /* API */,
			);
			path = NetworkPlatform;
			sourceTree = "<group>";
		};
		E0507FEC231A7A070056421B /* API */ = {
			isa = PBXGroup;
			children = (
				E0507FED231A7A270056421B /* WillAPI.swift */,
			);
			path = API;
			sourceTree = "<group>";
		};
		E0B29E3C231A677100189F06 = {
			isa = PBXGroup;
			children = (
				E04AA04F231CD16A00A03997 /* Domain */,
				E0B29E47231A677100189F06 /* Will */,
				E0507FEB231A79F00056421B /* NetworkPlatform */,
				E0B29E46231A677100189F06 /* Products */,
				55E99F8A2E5AD524209C7921 /* Frameworks */,
				4672EA3E61B80A7F182AACD5 /* Pods */,
			);
			sourceTree = "<group>";
		};
		E0B29E46231A677100189F06 /* Products */ = {
			isa = PBXGroup;
			children = (
				E0B29E45231A677100189F06 /* Will.app */,
			);
			name = Products;
			sourceTree = "<group>";
		};
		E0B29E47231A677100189F06 /* Will */ = {
			isa = PBXGroup;
			children = (
				E0B29E62231A691100189F06 /* Utility */,
				E0B29E5F231A686100189F06 /* Scenes */,
				E0B29E5E231A684500189F06 /* Common */,
				E0B29E5D231A682A00189F06 /* Resource */,
				E0B29E5A231A67D700189F06 /* Application */,
				E0B29E48231A677100189F06 /* AppDelegate.swift */,
				E0B29E4A231A677100189F06 /* ViewController.swift */,
				E0B29E4C231A677100189F06 /* Main.storyboard */,
				E0B29E4F231A677200189F06 /* Assets.xcassets */,
				E0B29E51231A677200189F06 /* LaunchScreen.storyboard */,
				E0B29E54231A677200189F06 /* Info.plist */,
			);
			path = Will;
			sourceTree = "<group>";
		};
		E0B29E5A231A67D700189F06 /* Application */ = {
			isa = PBXGroup;
			children = (
				E0B29E5B231A67F000189F06 /* Application.swift */,
			);
			path = Application;
			sourceTree = "<group>";
		};
		E0B29E5D231A682A00189F06 /* Resource */ = {
			isa = PBXGroup;
			children = (
			);
			path = Resource;
			sourceTree = "<group>";
		};
		E0B29E5E231A684500189F06 /* Common */ = {
			isa = PBXGroup;
			children = (
				E0B29E60231A68A300189F06 /* ViewModelType.swift */,
			);
			path = Common;
			sourceTree = "<group>";
		};
		E0B29E5F231A686100189F06 /* Scenes */ = {
			isa = PBXGroup;
			children = (
			);
			path = Scenes;
			sourceTree = "<group>";
		};
		E0B29E62231A691100189F06 /* Utility */ = {
			isa = PBXGroup;
			children = (
				E0B29E63231A693D00189F06 /* Reusable.swift */,
				E0507FE5231A77890056421B /* ActivityIndicator.swift */,
				E0507FE7231A77AC0056421B /* ErrorTracker.swift */,
				E0507FE9231A77C50056421B /* Observable+Ext.swift */,
				E04427A8232909C700C44173 /* MoyaProvider+Rx.swift */,
				E04427AA23290A1400C44173 /* Observable+Response.swift */,
				E04427AC23290A8300C44173 /* Single+Response.swift */,
			);
			path = Utility;
			sourceTree = "<group>";
		};
/* End PBXGroup section */

/* Begin PBXNativeTarget section */
		E0B29E44231A677100189F06 /* Will */ = {
			isa = PBXNativeTarget;
			buildConfigurationList = E0B29E57231A677200189F06 /* Build configuration list for PBXNativeTarget "Will" */;
			buildPhases = (
				DFEFC43F47FE1AE0C13E4BE0 /* [CP] Check Pods Manifest.lock */,
				E0B29E41231A677100189F06 /* Sources */,
				E0B29E42231A677100189F06 /* Frameworks */,
				E0B29E43231A677100189F06 /* Resources */,
				7717BC89339FEC67CB742ACE /* [CP] Embed Pods Frameworks */,
			);
			buildRules = (
			);
			dependencies = (
			);
			name = Will;
			productName = Will;
			productReference = E0B29E45231A677100189F06 /* Will.app */;
			productType = "com.apple.product-type.application";
		};
/* End PBXNativeTarget section */

/* Begin PBXProject section */
		E0B29E3D231A677100189F06 /* Project object */ = {
			isa = PBXProject;
			attributes = {
				LastSwiftUpdateCheck = 1030;
				LastUpgradeCheck = 1030;
				ORGANIZATIONNAME = "The Upside Down";
				TargetAttributes = {
					E0B29E44231A677100189F06 = {
						CreatedOnToolsVersion = 10.3;
					};
				};
			};
			buildConfigurationList = E0B29E40231A677100189F06 /* Build configuration list for PBXProject "Will" */;
			compatibilityVersion = "Xcode 9.3";
			developmentRegion = en;
			hasScannedForEncodings = 0;
			knownRegions = (
				en,
				Base,
			);
			mainGroup = E0B29E3C231A677100189F06;
			productRefGroup = E0B29E46231A677100189F06 /* Products */;
			projectDirPath = "";
			projectRoot = "";
			targets = (
				E0B29E44231A677100189F06 /* Will */,
			);
		};
/* End PBXProject section */

/* Begin PBXResourcesBuildPhase section */
		E0B29E43231A677100189F06 /* Resources */ = {
			isa = PBXResourcesBuildPhase;
			buildActionMask = 2147483647;
			files = (
				E0B29E53231A677200189F06 /* LaunchScreen.storyboard in Resources */,
				E0B29E50231A677200189F06 /* Assets.xcassets in Resources */,
				E0B29E4E231A677100189F06 /* Main.storyboard in Resources */,
			);
			runOnlyForDeploymentPostprocessing = 0;
		};
/* End PBXResourcesBuildPhase section */

/* Begin PBXShellScriptBuildPhase section */
		7717BC89339FEC67CB742ACE /* [CP] Embed Pods Frameworks */ = {
			isa = PBXShellScriptBuildPhase;
			buildActionMask = 2147483647;
			files = (
			);
			inputFileListPaths = (
			);
			inputPaths = (
				"${PODS_ROOT}/Target Support Files/Pods-Will/Pods-Will-frameworks.sh",
				"${BUILT_PRODUCTS_DIR}/Alamofire/Alamofire.framework",
				"${BUILT_PRODUCTS_DIR}/Moya/Moya.framework",
				"${BUILT_PRODUCTS_DIR}/Result/Result.framework",
				"${BUILT_PRODUCTS_DIR}/RxCocoa/RxCocoa.framework",
				"${BUILT_PRODUCTS_DIR}/RxRelay/RxRelay.framework",
				"${BUILT_PRODUCTS_DIR}/RxSwift/RxSwift.framework",
			);
			name = "[CP] Embed Pods Frameworks";
			outputFileListPaths = (
			);
			outputPaths = (
				"${TARGET_BUILD_DIR}/${FRAMEWORKS_FOLDER_PATH}/Alamofire.framework",
				"${TARGET_BUILD_DIR}/${FRAMEWORKS_FOLDER_PATH}/Moya.framework",
				"${TARGET_BUILD_DIR}/${FRAMEWORKS_FOLDER_PATH}/Result.framework",
				"${TARGET_BUILD_DIR}/${FRAMEWORKS_FOLDER_PATH}/RxCocoa.framework",
				"${TARGET_BUILD_DIR}/${FRAMEWORKS_FOLDER_PATH}/RxRelay.framework",
				"${TARGET_BUILD_DIR}/${FRAMEWORKS_FOLDER_PATH}/RxSwift.framework",
			);
			runOnlyForDeploymentPostprocessing = 0;
			shellPath = /bin/sh;
			shellScript = "\"${PODS_ROOT}/Target Support Files/Pods-Will/Pods-Will-frameworks.sh\"\n";
			showEnvVarsInLog = 0;
		};
		DFEFC43F47FE1AE0C13E4BE0 /* [CP] Check Pods Manifest.lock */ = {
			isa = PBXShellScriptBuildPhase;
			buildActionMask = 2147483647;
			files = (
			);
			inputFileListPaths = (
			);
			inputPaths = (
				"${PODS_PODFILE_DIR_PATH}/Podfile.lock",
				"${PODS_ROOT}/Manifest.lock",
			);
			name = "[CP] Check Pods Manifest.lock";
			outputFileListPaths = (
			);
			outputPaths = (
				"$(DERIVED_FILE_DIR)/Pods-Will-checkManifestLockResult.txt",
			);
			runOnlyForDeploymentPostprocessing = 0;
			shellPath = /bin/sh;
			shellScript = "diff \"${PODS_PODFILE_DIR_PATH}/Podfile.lock\" \"${PODS_ROOT}/Manifest.lock\" > /dev/null\nif [ $? != 0 ] ; then\n    # print error to STDERR\n    echo \"error: The sandbox is not in sync with the Podfile.lock. Run 'pod install' or update your CocoaPods installation.\" >&2\n    exit 1\nfi\n# This output is used by Xcode 'outputs' to avoid re-running this script phase.\necho \"SUCCESS\" > \"${SCRIPT_OUTPUT_FILE_0}\"\n";
			showEnvVarsInLog = 0;
		};
/* End PBXShellScriptBuildPhase section */

/* Begin PBXSourcesBuildPhase section */
		E0B29E41231A677100189F06 /* Sources */ = {
			isa = PBXSourcesBuildPhase;
			buildActionMask = 2147483647;
			files = (
				E04427A9232909C700C44173 /* MoyaProvider+Rx.swift in Sources */,
				E0507FEA231A77C50056421B /* Observable+Ext.swift in Sources */,
				E0507FEE231A7A270056421B /* WillAPI.swift in Sources */,
				E04AA054231CD20B00A03997 /* TVShow.swift in Sources */,
				E0507FE8231A77AC0056421B /* ErrorTracker.swift in Sources */,
				E04AA058231CD2AC00A03997 /* Credit.swift in Sources */,
				E0B29E61231A68A300189F06 /* ViewModelType.swift in Sources */,
				E0B29E5C231A67F000189F06 /* Application.swift in Sources */,
				E04AA04E231CD0EB00A03997 /* MovieNetwork.swift in Sources */,
				E04AA05A231CD2C600A03997 /* TVShowDetail.swift in Sources */,
				E0B29E4B231A677100189F06 /* ViewController.swift in Sources */,
				E04AA056231CD22200A03997 /* MovieDetail.swift in Sources */,
				E0B29E49231A677100189F06 /* AppDelegate.swift in Sources */,
				E04427AB23290A1400C44173 /* Observable+Response.swift in Sources */,
				E0507FE6231A77890056421B /* ActivityIndicator.swift in Sources */,
				E04AA05C231CD2DC00A03997 /* Video.swift in Sources */,
				E04AA052231CD19B00A03997 /* Movie.swift in Sources */,
				E0B29E64231A693D00189F06 /* Reusable.swift in Sources */,
				E04427AD23290A8300C44173 /* Single+Response.swift in Sources */,
			);
			runOnlyForDeploymentPostprocessing = 0;
		};
/* End PBXSourcesBuildPhase section */

/* Begin PBXVariantGroup section */
		E0B29E4C231A677100189F06 /* Main.storyboard */ = {
			isa = PBXVariantGroup;
			children = (
				E0B29E4D231A677100189F06 /* Base */,
			);
			name = Main.storyboard;
			sourceTree = "<group>";
		};
		E0B29E51231A677200189F06 /* LaunchScreen.storyboard */ = {
			isa = PBXVariantGroup;
			children = (
				E0B29E52231A677200189F06 /* Base */,
			);
			name = LaunchScreen.storyboard;
			sourceTree = "<group>";
		};
/* End PBXVariantGroup section */

/* Begin XCBuildConfiguration section */
		E0B29E55231A677200189F06 /* Debug */ = {
			isa = XCBuildConfiguration;
			buildSettings = {
				ALWAYS_SEARCH_USER_PATHS = NO;
				CLANG_ANALYZER_NONNULL = YES;
				CLANG_ANALYZER_NUMBER_OBJECT_CONVERSION = YES_AGGRESSIVE;
				CLANG_CXX_LANGUAGE_STANDARD = "gnu++14";
				CLANG_CXX_LIBRARY = "libc++";
				CLANG_ENABLE_MODULES = YES;
				CLANG_ENABLE_OBJC_ARC = YES;
				CLANG_ENABLE_OBJC_WEAK = YES;
				CLANG_WARN_BLOCK_CAPTURE_AUTORELEASING = YES;
				CLANG_WARN_BOOL_CONVERSION = YES;
				CLANG_WARN_COMMA = YES;
				CLANG_WARN_CONSTANT_CONVERSION = YES;
				CLANG_WARN_DEPRECATED_OBJC_IMPLEMENTATIONS = YES;
				CLANG_WARN_DIRECT_OBJC_ISA_USAGE = YES_ERROR;
				CLANG_WARN_DOCUMENTATION_COMMENTS = YES;
				CLANG_WARN_EMPTY_BODY = YES;
				CLANG_WARN_ENUM_CONVERSION = YES;
				CLANG_WARN_INFINITE_RECURSION = YES;
				CLANG_WARN_INT_CONVERSION = YES;
				CLANG_WARN_NON_LITERAL_NULL_CONVERSION = YES;
				CLANG_WARN_OBJC_IMPLICIT_RETAIN_SELF = YES;
				CLANG_WARN_OBJC_LITERAL_CONVERSION = YES;
				CLANG_WARN_OBJC_ROOT_CLASS = YES_ERROR;
				CLANG_WARN_RANGE_LOOP_ANALYSIS = YES;
				CLANG_WARN_STRICT_PROTOTYPES = YES;
				CLANG_WARN_SUSPICIOUS_MOVE = YES;
				CLANG_WARN_UNGUARDED_AVAILABILITY = YES_AGGRESSIVE;
				CLANG_WARN_UNREACHABLE_CODE = YES;
				CLANG_WARN__DUPLICATE_METHOD_MATCH = YES;
				CODE_SIGN_IDENTITY = "iPhone Developer";
				COPY_PHASE_STRIP = NO;
				DEBUG_INFORMATION_FORMAT = dwarf;
				ENABLE_STRICT_OBJC_MSGSEND = YES;
				ENABLE_TESTABILITY = YES;
				GCC_C_LANGUAGE_STANDARD = gnu11;
				GCC_DYNAMIC_NO_PIC = NO;
				GCC_NO_COMMON_BLOCKS = YES;
				GCC_OPTIMIZATION_LEVEL = 0;
				GCC_PREPROCESSOR_DEFINITIONS = (
					"DEBUG=1",
					"$(inherited)",
				);
				GCC_WARN_64_TO_32_BIT_CONVERSION = YES;
				GCC_WARN_ABOUT_RETURN_TYPE = YES_ERROR;
				GCC_WARN_UNDECLARED_SELECTOR = YES;
				GCC_WARN_UNINITIALIZED_AUTOS = YES_AGGRESSIVE;
				GCC_WARN_UNUSED_FUNCTION = YES;
				GCC_WARN_UNUSED_VARIABLE = YES;
				IPHONEOS_DEPLOYMENT_TARGET = 12.4;
				MTL_ENABLE_DEBUG_INFO = INCLUDE_SOURCE;
				MTL_FAST_MATH = YES;
				ONLY_ACTIVE_ARCH = YES;
				SDKROOT = iphoneos;
				SWIFT_ACTIVE_COMPILATION_CONDITIONS = DEBUG;
				SWIFT_OPTIMIZATION_LEVEL = "-Onone";
			};
			name = Debug;
		};
		E0B29E56231A677200189F06 /* Release */ = {
			isa = XCBuildConfiguration;
			buildSettings = {
				ALWAYS_SEARCH_USER_PATHS = NO;
				CLANG_ANALYZER_NONNULL = YES;
				CLANG_ANALYZER_NUMBER_OBJECT_CONVERSION = YES_AGGRESSIVE;
				CLANG_CXX_LANGUAGE_STANDARD = "gnu++14";
				CLANG_CXX_LIBRARY = "libc++";
				CLANG_ENABLE_MODULES = YES;
				CLANG_ENABLE_OBJC_ARC = YES;
				CLANG_ENABLE_OBJC_WEAK = YES;
				CLANG_WARN_BLOCK_CAPTURE_AUTORELEASING = YES;
				CLANG_WARN_BOOL_CONVERSION = YES;
				CLANG_WARN_COMMA = YES;
				CLANG_WARN_CONSTANT_CONVERSION = YES;
				CLANG_WARN_DEPRECATED_OBJC_IMPLEMENTATIONS = YES;
				CLANG_WARN_DIRECT_OBJC_ISA_USAGE = YES_ERROR;
				CLANG_WARN_DOCUMENTATION_COMMENTS = YES;
				CLANG_WARN_EMPTY_BODY = YES;
				CLANG_WARN_ENUM_CONVERSION = YES;
				CLANG_WARN_INFINITE_RECURSION = YES;
				CLANG_WARN_INT_CONVERSION = YES;
				CLANG_WARN_NON_LITERAL_NULL_CONVERSION = YES;
				CLANG_WARN_OBJC_IMPLICIT_RETAIN_SELF = YES;
				CLANG_WARN_OBJC_LITERAL_CONVERSION = YES;
				CLANG_WARN_OBJC_ROOT_CLASS = YES_ERROR;
				CLANG_WARN_RANGE_LOOP_ANALYSIS = YES;
				CLANG_WARN_STRICT_PROTOTYPES = YES;
				CLANG_WARN_SUSPICIOUS_MOVE = YES;
				CLANG_WARN_UNGUARDED_AVAILABILITY = YES_AGGRESSIVE;
				CLANG_WARN_UNREACHABLE_CODE = YES;
				CLANG_WARN__DUPLICATE_METHOD_MATCH = YES;
				CODE_SIGN_IDENTITY = "iPhone Developer";
				COPY_PHASE_STRIP = NO;
				DEBUG_INFORMATION_FORMAT = "dwarf-with-dsym";
				ENABLE_NS_ASSERTIONS = NO;
				ENABLE_STRICT_OBJC_MSGSEND = YES;
				GCC_C_LANGUAGE_STANDARD = gnu11;
				GCC_NO_COMMON_BLOCKS = YES;
				GCC_WARN_64_TO_32_BIT_CONVERSION = YES;
				GCC_WARN_ABOUT_RETURN_TYPE = YES_ERROR;
				GCC_WARN_UNDECLARED_SELECTOR = YES;
				GCC_WARN_UNINITIALIZED_AUTOS = YES_AGGRESSIVE;
				GCC_WARN_UNUSED_FUNCTION = YES;
				GCC_WARN_UNUSED_VARIABLE = YES;
				IPHONEOS_DEPLOYMENT_TARGET = 12.4;
				MTL_ENABLE_DEBUG_INFO = NO;
				MTL_FAST_MATH = YES;
				SDKROOT = iphoneos;
				SWIFT_COMPILATION_MODE = wholemodule;
				SWIFT_OPTIMIZATION_LEVEL = "-O";
				VALIDATE_PRODUCT = YES;
			};
			name = Release;
		};
		E0B29E58231A677200189F06 /* Debug */ = {
			isa = XCBuildConfiguration;
			baseConfigurationReference = 180EC23B3D5B33BF56E52389 /* Pods-Will.debug.xcconfig */;
			buildSettings = {
				ASSETCATALOG_COMPILER_APPICON_NAME = AppIcon;
				CODE_SIGN_STYLE = Automatic;
				INFOPLIST_FILE = Will/Info.plist;
				LD_RUNPATH_SEARCH_PATHS = (
					"$(inherited)",
					"@executable_path/Frameworks",
				);
				PRODUCT_BUNDLE_IDENTIFIER = com.datduongit.Will;
				PRODUCT_NAME = "$(TARGET_NAME)";
				SWIFT_VERSION = 5.0;
				TARGETED_DEVICE_FAMILY = "1,2";
			};
			name = Debug;
		};
		E0B29E59231A677200189F06 /* Release */ = {
			isa = XCBuildConfiguration;
			baseConfigurationReference = 2710C7F48863DF4721711524 /* Pods-Will.release.xcconfig */;
			buildSettings = {
				ASSETCATALOG_COMPILER_APPICON_NAME = AppIcon;
				CODE_SIGN_STYLE = Automatic;
				INFOPLIST_FILE = Will/Info.plist;
				LD_RUNPATH_SEARCH_PATHS = (
					"$(inherited)",
					"@executable_path/Frameworks",
				);
				PRODUCT_BUNDLE_IDENTIFIER = com.datduongit.Will;
				PRODUCT_NAME = "$(TARGET_NAME)";
				SWIFT_VERSION = 5.0;
				TARGETED_DEVICE_FAMILY = "1,2";
			};
			name = Release;
		};
/* End XCBuildConfiguration section */

/* Begin XCConfigurationList section */
		E0B29E40231A677100189F06 /* Build configuration list for PBXProject "Will" */ = {
			isa = XCConfigurationList;
			buildConfigurations = (
				E0B29E55231A677200189F06 /* Debug */,
				E0B29E56231A677200189F06 /* Release */,
			);
			defaultConfigurationIsVisible = 0;
			defaultConfigurationName = Release;
		};
		E0B29E57231A677200189F06 /* Build configuration list for PBXNativeTarget "Will" */ = {
			isa = XCConfigurationList;
			buildConfigurations = (
				E0B29E58231A677200189F06 /* Debug */,
				E0B29E59231A677200189F06 /* Release */,
			);
			defaultConfigurationIsVisible = 0;
			defaultConfigurationName = Release;
		};
/* End XCConfigurationList section */
	};
	rootObject = E0B29E3D231A677100189F06 /* Project object */;
}
